// !$*UTF8*$!
{
	archiveVersion = 1;
	classes = {
	};
	objectVersion = 50;
	objects = {

/* Begin PBXBuildFile section */
		2F187DE620D29071003CA059 /* SkóreŘádek.swift in Sources */ = {isa = PBXBuildFile; fileRef = 2F187DE520D29071003CA059 /* SkóreŘádek.swift */; };
		2F1A6D7120CC3538004314E9 /* ModelKMTE.swift in Sources */ = {isa = PBXBuildFile; fileRef = 2F1A6D7020CC3538004314E9 /* ModelKMTE.swift */; };
		2F1A6D7720CC4D1A004314E9 /* SettingsViewController.swift in Sources */ = {isa = PBXBuildFile; fileRef = 2F1A6D7620CC4D1A004314E9 /* SettingsViewController.swift */; };
		2F1A6D7B20CC59B3004314E9 /* Kruh.swift in Sources */ = {isa = PBXBuildFile; fileRef = 2F1A6D7A20CC59B3004314E9 /* Kruh.swift */; };
		2F1A6D7D20CDBE4B004314E9 /* Kulička.swift in Sources */ = {isa = PBXBuildFile; fileRef = 2F1A6D7C20CDBE4B004314E9 /* Kulička.swift */; };
		2F1A6D7F20D121F0004314E9 /* DebugCary.swift in Sources */ = {isa = PBXBuildFile; fileRef = 2F1A6D7E20D121F0004314E9 /* DebugCary.swift */; };
		2F1A6D8720D27C3F004314E9 /* TabulkaViewController.swift in Sources */ = {isa = PBXBuildFile; fileRef = 2F1A6D8620D27C3F004314E9 /* TabulkaViewController.swift */; };
		2F8836C820CBF15100DF2E8B /* AppDelegate.swift in Sources */ = {isa = PBXBuildFile; fileRef = 2F8836C720CBF15100DF2E8B /* AppDelegate.swift */; };
		2F8836CA20CBF15100DF2E8B /* ViewController.swift in Sources */ = {isa = PBXBuildFile; fileRef = 2F8836C920CBF15100DF2E8B /* ViewController.swift */; };
		2F8836CD20CBF15100DF2E8B /* Main.storyboard in Resources */ = {isa = PBXBuildFile; fileRef = 2F8836CB20CBF15100DF2E8B /* Main.storyboard */; };
		2F8836D020CBF15100DF2E8B /* KMTE18.xcdatamodeld in Sources */ = {isa = PBXBuildFile; fileRef = 2F8836CE20CBF15100DF2E8B /* KMTE18.xcdatamodeld */; };
		2F8836D220CBF15100DF2E8B /* Assets.xcassets in Resources */ = {isa = PBXBuildFile; fileRef = 2F8836D120CBF15100DF2E8B /* Assets.xcassets */; };
		2F8836D520CBF15100DF2E8B /* LaunchScreen.storyboard in Resources */ = {isa = PBXBuildFile; fileRef = 2F8836D320CBF15100DF2E8B /* LaunchScreen.storyboard */; };
/* End PBXBuildFile section */

/* Begin PBXFileReference section */
		2F187DE520D29071003CA059 /* SkóreŘádek.swift */ = {isa = PBXFileReference; lastKnownFileType = sourcecode.swift; path = "SkóreŘádek.swift"; sourceTree = "<group>"; };
		2F1A6D7020CC3538004314E9 /* ModelKMTE.swift */ = {isa = PBXFileReference; lastKnownFileType = sourcecode.swift; path = ModelKMTE.swift; sourceTree = "<group>"; };
		2F1A6D7620CC4D1A004314E9 /* SettingsViewController.swift */ = {isa = PBXFileReference; lastKnownFileType = sourcecode.swift; path = SettingsViewController.swift; sourceTree = "<group>"; };
		2F1A6D7A20CC59B3004314E9 /* Kruh.swift */ = {isa = PBXFileReference; lastKnownFileType = sourcecode.swift; path = Kruh.swift; sourceTree = "<group>"; };
		2F1A6D7C20CDBE4B004314E9 /* Kulička.swift */ = {isa = PBXFileReference; lastKnownFileType = sourcecode.swift; path = "Kulička.swift"; sourceTree = "<group>"; };
		2F1A6D7E20D121F0004314E9 /* DebugCary.swift */ = {isa = PBXFileReference; lastKnownFileType = sourcecode.swift; path = DebugCary.swift; sourceTree = "<group>"; };
		2F1A6D8620D27C3F004314E9 /* TabulkaViewController.swift */ = {isa = PBXFileReference; lastKnownFileType = sourcecode.swift; path = TabulkaViewController.swift; sourceTree = "<group>"; };
		2F8836C420CBF15000DF2E8B /* KMTE18.app */ = {isa = PBXFileReference; explicitFileType = wrapper.application; includeInIndex = 0; path = KMTE18.app; sourceTree = BUILT_PRODUCTS_DIR; };
		2F8836C720CBF15100DF2E8B /* AppDelegate.swift */ = {isa = PBXFileReference; lastKnownFileType = sourcecode.swift; path = AppDelegate.swift; sourceTree = "<group>"; };
		2F8836C920CBF15100DF2E8B /* ViewController.swift */ = {isa = PBXFileReference; lastKnownFileType = sourcecode.swift; path = ViewController.swift; sourceTree = "<group>"; };
		2F8836CC20CBF15100DF2E8B /* Base */ = {isa = PBXFileReference; lastKnownFileType = file.storyboard; name = Base; path = Base.lproj/Main.storyboard; sourceTree = "<group>"; };
		2F8836CF20CBF15100DF2E8B /* KMTE18.xcdatamodel */ = {isa = PBXFileReference; lastKnownFileType = wrapper.xcdatamodel; path = KMTE18.xcdatamodel; sourceTree = "<group>"; };
		2F8836D120CBF15100DF2E8B /* Assets.xcassets */ = {isa = PBXFileReference; lastKnownFileType = folder.assetcatalog; path = Assets.xcassets; sourceTree = "<group>"; };
		2F8836D420CBF15100DF2E8B /* Base */ = {isa = PBXFileReference; lastKnownFileType = file.storyboard; name = Base; path = Base.lproj/LaunchScreen.storyboard; sourceTree = "<group>"; };
		2F8836D620CBF15100DF2E8B /* Info.plist */ = {isa = PBXFileReference; lastKnownFileType = text.plist.xml; path = Info.plist; sourceTree = "<group>"; };
/* End PBXFileReference section */

/* Begin PBXFrameworksBuildPhase section */
		2F8836C120CBF15000DF2E8B /* Frameworks */ = {
			isa = PBXFrameworksBuildPhase;
			buildActionMask = 2147483647;
			files = (
			);
			runOnlyForDeploymentPostprocessing = 0;
		};
/* End PBXFrameworksBuildPhase section */

/* Begin PBXGroup section */
		2F8836BB20CBF15000DF2E8B = {
			isa = PBXGroup;
			children = (
				2F8836C620CBF15100DF2E8B /* KMTE18 */,
				2F8836C520CBF15000DF2E8B /* Products */,
			);
			sourceTree = "<group>";
		};
		2F8836C520CBF15000DF2E8B /* Products */ = {
			isa = PBXGroup;
			children = (
				2F8836C420CBF15000DF2E8B /* KMTE18.app */,
			);
			name = Products;
			sourceTree = "<group>";
		};
		2F8836C620CBF15100DF2E8B /* KMTE18 */ = {
			isa = PBXGroup;
			children = (
				2F8836DC20CBF16700DF2E8B /* Soubory */,
				2F1A6D7020CC3538004314E9 /* ModelKMTE.swift */,
				2F8836C920CBF15100DF2E8B /* ViewController.swift */,
				2F1A6D8620D27C3F004314E9 /* TabulkaViewController.swift */,
				2F1A6D7620CC4D1A004314E9 /* SettingsViewController.swift */,
				2F8836CB20CBF15100DF2E8B /* Main.storyboard */,
				2F187DE520D29071003CA059 /* SkóreŘádek.swift */,
				2F1A6D7A20CC59B3004314E9 /* Kruh.swift */,
				2F1A6D7C20CDBE4B004314E9 /* Kulička.swift */,
				2F1A6D7E20D121F0004314E9 /* DebugCary.swift */,
				2F8836D620CBF15100DF2E8B /* Info.plist */,
			);
			path = KMTE18;
			sourceTree = "<group>";
		};
		2F8836DC20CBF16700DF2E8B /* Soubory */ = {
			isa = PBXGroup;
			children = (
				2F8836C720CBF15100DF2E8B /* AppDelegate.swift */,
				2F8836D120CBF15100DF2E8B /* Assets.xcassets */,
				2F8836D320CBF15100DF2E8B /* LaunchScreen.storyboard */,
				2F8836CE20CBF15100DF2E8B /* KMTE18.xcdatamodeld */,
			);
			path = Soubory;
			sourceTree = "<group>";
		};
/* End PBXGroup section */

/* Begin PBXNativeTarget section */
		2F8836C320CBF15000DF2E8B /* KMTE18 */ = {
			isa = PBXNativeTarget;
			buildConfigurationList = 2F8836D920CBF15100DF2E8B /* Build configuration list for PBXNativeTarget "KMTE18" */;
			buildPhases = (
				2F8836C020CBF15000DF2E8B /* Sources */,
				2F8836C120CBF15000DF2E8B /* Frameworks */,
				2F8836C220CBF15000DF2E8B /* Resources */,
			);
			buildRules = (
			);
			dependencies = (
			);
			name = KMTE18;
			productName = KMTE18;
			productReference = 2F8836C420CBF15000DF2E8B /* KMTE18.app */;
			productType = "com.apple.product-type.application";
		};
/* End PBXNativeTarget section */

/* Begin PBXProject section */
		2F8836BC20CBF15000DF2E8B /* Project object */ = {
			isa = PBXProject;
			attributes = {
				LastSwiftUpdateCheck = 0940;
				LastUpgradeCheck = 0940;
				ORGANIZATIONNAME = "Jan Hladěna";
				TargetAttributes = {
					2F8836C320CBF15000DF2E8B = {
						CreatedOnToolsVersion = 9.4;
					};
				};
			};
			buildConfigurationList = 2F8836BF20CBF15000DF2E8B /* Build configuration list for PBXProject "KMTE18" */;
			compatibilityVersion = "Xcode 9.3";
			developmentRegion = en;
			hasScannedForEncodings = 0;
			knownRegions = (
				en,
				Base,
			);
			mainGroup = 2F8836BB20CBF15000DF2E8B;
			productRefGroup = 2F8836C520CBF15000DF2E8B /* Products */;
			projectDirPath = "";
			projectRoot = "";
			targets = (
				2F8836C320CBF15000DF2E8B /* KMTE18 */,
			);
		};
/* End PBXProject section */

/* Begin PBXResourcesBuildPhase section */
		2F8836C220CBF15000DF2E8B /* Resources */ = {
			isa = PBXResourcesBuildPhase;
			buildActionMask = 2147483647;
			files = (
				2F8836D520CBF15100DF2E8B /* LaunchScreen.storyboard in Resources */,
				2F8836D220CBF15100DF2E8B /* Assets.xcassets in Resources */,
				2F8836CD20CBF15100DF2E8B /* Main.storyboard in Resources */,
			);
			runOnlyForDeploymentPostprocessing = 0;
		};
/* End PBXResourcesBuildPhase section */

/* Begin PBXSourcesBuildPhase section */
		2F8836C020CBF15000DF2E8B /* Sources */ = {
			isa = PBXSourcesBuildPhase;
			buildActionMask = 2147483647;
			files = (
				2F1A6D7120CC3538004314E9 /* ModelKMTE.swift in Sources */,
				2F1A6D7D20CDBE4B004314E9 /* Kulička.swift in Sources */,
				2F1A6D7F20D121F0004314E9 /* DebugCary.swift in Sources */,
				2F8836D020CBF15100DF2E8B /* KMTE18.xcdatamodeld in Sources */,
				2F8836CA20CBF15100DF2E8B /* ViewController.swift in Sources */,
				2F1A6D8720D27C3F004314E9 /* TabulkaViewController.swift in Sources */,
				2F187DE620D29071003CA059 /* SkóreŘádek.swift in Sources */,
				2F8836C820CBF15100DF2E8B /* AppDelegate.swift in Sources */,
				2F1A6D7720CC4D1A004314E9 /* SettingsViewController.swift in Sources */,
				2F1A6D7B20CC59B3004314E9 /* Kruh.swift in Sources */,
			);
			runOnlyForDeploymentPostprocessing = 0;
		};
/* End PBXSourcesBuildPhase section */

/* Begin PBXVariantGroup section */
		2F8836CB20CBF15100DF2E8B /* Main.storyboard */ = {
			isa = PBXVariantGroup;
			children = (
				2F8836CC20CBF15100DF2E8B /* Base */,
			);
			name = Main.storyboard;
			sourceTree = "<group>";
		};
		2F8836D320CBF15100DF2E8B /* LaunchScreen.storyboard */ = {
			isa = PBXVariantGroup;
			children = (
				2F8836D420CBF15100DF2E8B /* Base */,
			);
			name = LaunchScreen.storyboard;
			sourceTree = "<group>";
		};
/* End PBXVariantGroup section */

/* Begin XCBuildConfiguration section */
		2F8836D720CBF15100DF2E8B /* Debug */ = {
			isa = XCBuildConfiguration;
			buildSettings = {
				ALWAYS_SEARCH_USER_PATHS = NO;
				CLANG_ANALYZER_NONNULL = YES;
				CLANG_ANALYZER_NUMBER_OBJECT_CONVERSION = YES_AGGRESSIVE;
				CLANG_CXX_LANGUAGE_STANDARD = "gnu++14";
				CLANG_CXX_LIBRARY = "libc++";
				CLANG_ENABLE_MODULES = YES;
				CLANG_ENABLE_OBJC_ARC = YES;
				CLANG_ENABLE_OBJC_WEAK = YES;
				CLANG_WARN_BLOCK_CAPTURE_AUTORELEASING = YES;
				CLANG_WARN_BOOL_CONVERSION = YES;
				CLANG_WARN_COMMA = YES;
				CLANG_WARN_CONSTANT_CONVERSION = YES;
				CLANG_WARN_DEPRECATED_OBJC_IMPLEMENTATIONS = YES;
				CLANG_WARN_DIRECT_OBJC_ISA_USAGE = YES_ERROR;
				CLANG_WARN_DOCUMENTATION_COMMENTS = YES;
				CLANG_WARN_EMPTY_BODY = YES;
				CLANG_WARN_ENUM_CONVERSION = YES;
				CLANG_WARN_INFINITE_RECURSION = YES;
				CLANG_WARN_INT_CONVERSION = YES;
				CLANG_WARN_NON_LITERAL_NULL_CONVERSION = YES;
				CLANG_WARN_OBJC_IMPLICIT_RETAIN_SELF = YES;
				CLANG_WARN_OBJC_LITERAL_CONVERSION = YES;
				CLANG_WARN_OBJC_ROOT_CLASS = YES_ERROR;
				CLANG_WARN_RANGE_LOOP_ANALYSIS = YES;
				CLANG_WARN_STRICT_PROTOTYPES = YES;
				CLANG_WARN_SUSPICIOUS_MOVE = YES;
				CLANG_WARN_UNGUARDED_AVAILABILITY = YES_AGGRESSIVE;
				CLANG_WARN_UNREACHABLE_CODE = YES;
				CLANG_WARN__DUPLICATE_METHOD_MATCH = YES;
				CODE_SIGN_IDENTITY = "iPhone Developer";
				COPY_PHASE_STRIP = NO;
				DEBUG_INFORMATION_FORMAT = dwarf;
				ENABLE_STRICT_OBJC_MSGSEND = YES;
				ENABLE_TESTABILITY = YES;
				GCC_C_LANGUAGE_STANDARD = gnu11;
				GCC_DYNAMIC_NO_PIC = NO;
				GCC_NO_COMMON_BLOCKS = YES;
				GCC_OPTIMIZATION_LEVEL = 0;
				GCC_PREPROCESSOR_DEFINITIONS = (
					"DEBUG=1",
					"$(inherited)",
				);
				GCC_WARN_64_TO_32_BIT_CONVERSION = YES;
				GCC_WARN_ABOUT_RETURN_TYPE = YES_ERROR;
				GCC_WARN_UNDECLARED_SELECTOR = YES;
				GCC_WARN_UNINITIALIZED_AUTOS = YES_AGGRESSIVE;
				GCC_WARN_UNUSED_FUNCTION = YES;
				GCC_WARN_UNUSED_VARIABLE = YES;
				IPHONEOS_DEPLOYMENT_TARGET = 11.4;
				MTL_ENABLE_DEBUG_INFO = YES;
				ONLY_ACTIVE_ARCH = YES;
				SDKROOT = iphoneos;
				SWIFT_ACTIVE_COMPILATION_CONDITIONS = DEBUG;
				SWIFT_OPTIMIZATION_LEVEL = "-Onone";
			};
			name = Debug;
		};
		2F8836D820CBF15100DF2E8B /* Release */ = {
			isa = XCBuildConfiguration;
			buildSettings = {
				ALWAYS_SEARCH_USER_PATHS = NO;
				CLANG_ANALYZER_NONNULL = YES;
				CLANG_ANALYZER_NUMBER_OBJECT_CONVERSION = YES_AGGRESSIVE;
				CLANG_CXX_LANGUAGE_STANDARD = "gnu++14";
				CLANG_CXX_LIBRARY = "libc++";
				CLANG_ENABLE_MODULES = YES;
				CLANG_ENABLE_OBJC_ARC = YES;
				CLANG_ENABLE_OBJC_WEAK = YES;
				CLANG_WARN_BLOCK_CAPTURE_AUTORELEASING = YES;
				CLANG_WARN_BOOL_CONVERSION = YES;
				CLANG_WARN_COMMA = YES;
				CLANG_WARN_CONSTANT_CONVERSION = YES;
				CLANG_WARN_DEPRECATED_OBJC_IMPLEMENTATIONS = YES;
				CLANG_WARN_DIRECT_OBJC_ISA_USAGE = YES_ERROR;
				CLANG_WARN_DOCUMENTATION_COMMENTS = YES;
				CLANG_WARN_EMPTY_BODY = YES;
				CLANG_WARN_ENUM_CONVERSION = YES;
				CLANG_WARN_INFINITE_RECURSION = YES;
				CLANG_WARN_INT_CONVERSION = YES;
				CLANG_WARN_NON_LITERAL_NULL_CONVERSION = YES;
				CLANG_WARN_OBJC_IMPLICIT_RETAIN_SELF = YES;
				CLANG_WARN_OBJC_LITERAL_CONVERSION = YES;
				CLANG_WARN_OBJC_ROOT_CLASS = YES_ERROR;
				CLANG_WARN_RANGE_LOOP_ANALYSIS = YES;
				CLANG_WARN_STRICT_PROTOTYPES = YES;
				CLANG_WARN_SUSPICIOUS_MOVE = YES;
				CLANG_WARN_UNGUARDED_AVAILABILITY = YES_AGGRESSIVE;
				CLANG_WARN_UNREACHABLE_CODE = YES;
				CLANG_WARN__DUPLICATE_METHOD_MATCH = YES;
				CODE_SIGN_IDENTITY = "iPhone Developer";
				COPY_PHASE_STRIP = NO;
				DEBUG_INFORMATION_FORMAT = "dwarf-with-dsym";
				ENABLE_NS_ASSERTIONS = NO;
				ENABLE_STRICT_OBJC_MSGSEND = YES;
				GCC_C_LANGUAGE_STANDARD = gnu11;
				GCC_NO_COMMON_BLOCKS = YES;
				GCC_WARN_64_TO_32_BIT_CONVERSION = YES;
				GCC_WARN_ABOUT_RETURN_TYPE = YES_ERROR;
				GCC_WARN_UNDECLARED_SELECTOR = YES;
				GCC_WARN_UNINITIALIZED_AUTOS = YES_AGGRESSIVE;
				GCC_WARN_UNUSED_FUNCTION = YES;
				GCC_WARN_UNUSED_VARIABLE = YES;
				IPHONEOS_DEPLOYMENT_TARGET = 11.4;
				MTL_ENABLE_DEBUG_INFO = NO;
				SDKROOT = iphoneos;
				SWIFT_COMPILATION_MODE = wholemodule;
				SWIFT_OPTIMIZATION_LEVEL = "-O";
				VALIDATE_PRODUCT = YES;
			};
			name = Release;
		};
		2F8836DA20CBF15100DF2E8B /* Debug */ = {
			isa = XCBuildConfiguration;
			buildSettings = {
				ASSETCATALOG_COMPILER_APPICON_NAME = AppIcon;
				CODE_SIGN_STYLE = Automatic;
				DEVELOPMENT_TEAM = YTD8V68AVL;
				INFOPLIST_FILE = KMTE18/Info.plist;
				LD_RUNPATH_SEARCH_PATHS = (
					"$(inherited)",
					"@executable_path/Frameworks",
				);
				PRODUCT_BUNDLE_IDENTIFIER = cz.uhk.fim.kmte.hladeja1.KMTE18;
				PRODUCT_NAME = "$(TARGET_NAME)";
				SWIFT_VERSION = 4.0;
				TARGETED_DEVICE_FAMILY = "1,2";
			};
			name = Debug;
		};
		2F8836DB20CBF15100DF2E8B /* Release */ = {
			isa = XCBuildConfiguration;
			buildSettings = {
				ASSETCATALOG_COMPILER_APPICON_NAME = AppIcon;
				CODE_SIGN_STYLE = Automatic;
				DEVELOPMENT_TEAM = YTD8V68AVL;
				INFOPLIST_FILE = KMTE18/Info.plist;
				LD_RUNPATH_SEARCH_PATHS = (
					"$(inherited)",
					"@executable_path/Frameworks",
				);
				PRODUCT_BUNDLE_IDENTIFIER = cz.uhk.fim.kmte.hladeja1.KMTE18;
				PRODUCT_NAME = "$(TARGET_NAME)";
				SWIFT_VERSION = 4.0;
				TARGETED_DEVICE_FAMILY = "1,2";
			};
			name = Release;
		};
/* End XCBuildConfiguration section */

/* Begin XCConfigurationList section */
		2F8836BF20CBF15000DF2E8B /* Build configuration list for PBXProject "KMTE18" */ = {
			isa = XCConfigurationList;
			buildConfigurations = (
				2F8836D720CBF15100DF2E8B /* Debug */,
				2F8836D820CBF15100DF2E8B /* Release */,
			);
			defaultConfigurationIsVisible = 0;
			defaultConfigurationName = Release;
		};
		2F8836D920CBF15100DF2E8B /* Build configuration list for PBXNativeTarget "KMTE18" */ = {
			isa = XCConfigurationList;
			buildConfigurations = (
				2F8836DA20CBF15100DF2E8B /* Debug */,
				2F8836DB20CBF15100DF2E8B /* Release */,
			);
			defaultConfigurationIsVisible = 0;
			defaultConfigurationName = Release;
		};
/* End XCConfigurationList section */

/* Begin XCVersionGroup section */
		2F8836CE20CBF15100DF2E8B /* KMTE18.xcdatamodeld */ = {
			isa = XCVersionGroup;
			children = (
				2F8836CF20CBF15100DF2E8B /* KMTE18.xcdatamodel */,
			);
			currentVersion = 2F8836CF20CBF15100DF2E8B /* KMTE18.xcdatamodel */;
			path = KMTE18.xcdatamodeld;
			sourceTree = "<group>";
			versionGroupType = wrapper.xcdatamodel;
		};
/* End XCVersionGroup section */
	};
	rootObject = 2F8836BC20CBF15000DF2E8B /* Project object */;
}
